
Microsoft Visual Studio Solution File, Format Version 12.00
# Visual Studio Version 17
VisualStudioVersion = 17.9.34622.214
MinimumVisualStudioVersion = 10.0.40219.1
Project("{FAE04EC0-301F-11D3-BF4B-00C04F79EFBC}") = "YYZYHandbook", "YYZYHandbook\YYZYHandbook.csproj", "{98382647-D795-440B-89A2-7407DE8E66A8}"
EndProject
Global
	GlobalSection(SolutionConfigurationPlatforms) = preSolution
		Debug|Any CPU = Debug|Any CPU
		Release|Any CPU = Release|Any CPU
	EndGlobalSection
	GlobalSection(ProjectConfigurationPlatforms) = postSolution
		{98382647-D795-440B-89A2-7407DE8E66A8}.Debug|Any CPU.ActiveCfg = Debug|Any CPU
		{98382647-D795-440B-89A2-7407DE8E66A8}.Debug|Any CPU.Build.0 = Debug|Any CPU
		{98382647-D795-440B-89A2-7407DE8E66A8}.Release|Any CPU.ActiveCfg = Release|Any CPU
		{98382647-D795-440B-89A2-7407DE8E66A8}.Release|Any CPU.Build.0 = Release|Any CPU
	EndGlobalSection
	GlobalSection(SolutionProperties) = preSolution
		HideSolutionNode = FALSE
	EndGlobalSection
	GlobalSection(ExtensibilityGlobals) = postSolution
		SolutionGuid = {AFF70CE9-6866-4519-947F-A5B7CBD85C45}
	EndGlobalSection
EndGlobal
